Microsoft Visual Studio Solution File, Format Version 12.00
# Visual Studio Version 17
VisualStudioVersion = 17.5.2.0
MinimumVisualStudioVersion = 10.0.40219.1
Project("{FAE04EC0-301F-11D3-BF4B-00C04F79EFBC}") = "CryptoWalletApi", "CryptoWalletApi.csproj", "{16C3A0D9-FCFD-E861-EF3B-069701D22C51}"
EndProject
Global
	GlobalSection(SolutionConfigurationPlatforms) = preSolution
		Debug|Any CPU = Debug|Any CPU
		Release|Any CPU = Release|Any CPU
	EndGlobalSection
	GlobalSection(ProjectConfigurationPlatforms) = postSolution
		{16C3A0D9-FCFD-E861-EF3B-069701D22C51}.Debug|Any CPU.ActiveCfg = Debug|Any CPU
		{16C3A0D9-FCFD-E861-EF3B-069701D22C51}.Debug|Any CPU.Build.0 = Debug|Any CPU
		{16C3A0D9-FCFD-E861-EF3B-069701D22C51}.Release|Any CPU.ActiveCfg = Release|Any CPU
		{16C3A0D9-FCFD-E861-EF3B-069701D22C51}.Release|Any CPU.Build.0 = Release|Any CPU
	EndGlobalSection
	GlobalSection(SolutionProperties) = preSolution
		HideSolutionNode = FALSE
	EndGlobalSection
	GlobalSection(ExtensibilityGlobals) = postSolution
		SolutionGuid = {20691AEC-35C6-44C0-B1DE-0B9B8DF5C528}
	EndGlobalSection
EndGlobal
